
Microsoft Visual Studio Solution File, Format Version 12.00
# Visual Studio Version 17
VisualStudioVersion = 17.14.36310.24
MinimumVisualStudioVersion = 10.0.40219.1
Project("{FAE04EC0-301F-11D3-BF4B-00C04F79EFBC}") = "ITAC.Web", "ITAC.Web\ITAC.Web.csproj", "{2A9044E9-6392-4F52-BD4A-96FF6137C597}"
EndProject
Project("{FAE04EC0-301F-11D3-BF4B-00C04F79EFBC}") = "ITAC.Models", "ITAC.Models\ITAC.Models.csproj", "{D0925448-5362-4409-9541-9253825D864B}"
EndProject
Global
	GlobalSection(SolutionConfigurationPlatforms) = preSolution
		Debug|Any CPU = Debug|Any CPU
		Release|Any CPU = Release|Any CPU
	EndGlobalSection
	GlobalSection(ProjectConfigurationPlatforms) = postSolution
		{2A9044E9-6392-4F52-BD4A-96FF6137C597}.Debug|Any CPU.ActiveCfg = Debug|Any CPU
		{2A9044E9-6392-4F52-BD4A-96FF6137C597}.Debug|Any CPU.Build.0 = Debug|Any CPU
		{2A9044E9-6392-4F52-BD4A-96FF6137C597}.Release|Any CPU.ActiveCfg = Release|Any CPU
		{2A9044E9-6392-4F52-BD4A-96FF6137C597}.Release|Any CPU.Build.0 = Release|Any CPU
		{D0925448-5362-4409-9541-9253825D864B}.Debug|Any CPU.ActiveCfg = Debug|Any CPU
		{D0925448-5362-4409-9541-9253825D864B}.Debug|Any CPU.Build.0 = Debug|Any CPU
		{D0925448-5362-4409-9541-9253825D864B}.Release|Any CPU.ActiveCfg = Release|Any CPU
		{D0925448-5362-4409-9541-9253825D864B}.Release|Any CPU.Build.0 = Release|Any CPU
	EndGlobalSection
	GlobalSection(SolutionProperties) = preSolution
		HideSolutionNode = FALSE
	EndGlobalSection
	GlobalSection(ExtensibilityGlobals) = postSolution
		SolutionGuid = {36370784-918F-4F0A-8099-BABDA6E2F6DB}
	EndGlobalSection
EndGlobal
